// !$*UTF8*$!
{
	archiveVersion = 1;
	classes = {
	};
	objectVersion = 46;
	objects = {

/* Begin PBXBuildFile section */
		B05FE0F51B674A54009BF81F /* main.m in Sources */ = {isa = PBXBuildFile; fileRef = B05FE0F41B674A54009BF81F /* main.m */; };
		B05FE0F81B674A54009BF81F /* AppDelegate.m in Sources */ = {isa = PBXBuildFile; fileRef = B05FE0F71B674A54009BF81F /* AppDelegate.m */; };
		B05FE0FB1B674A54009BF81F /* FirstViewController.m in Sources */ = {isa = PBXBuildFile; fileRef = B05FE0FA1B674A54009BF81F /* FirstViewController.m */; };
		B05FE0FE1B674A54009BF81F /* SecondViewController.m in Sources */ = {isa = PBXBuildFile; fileRef = B05FE0FD1B674A54009BF81F /* SecondViewController.m */; };
		B05FE1011B674A54009BF81F /* Main.storyboard in Resources */ = {isa = PBXBuildFile; fileRef = B05FE0FF1B674A54009BF81F /* Main.storyboard */; };
		B05FE1031B674A54009BF81F /* Images.xcassets in Resources */ = {isa = PBXBuildFile; fileRef = B05FE1021B674A54009BF81F /* Images.xcassets */; };
		B05FE1061B674A54009BF81F /* LaunchScreen.xib in Resources */ = {isa = PBXBuildFile; fileRef = B05FE1041B674A54009BF81F /* LaunchScreen.xib */; };
		B05FE1121B674A55009BF81F /* cloudy_hiTests.m in Sources */ = {isa = PBXBuildFile; fileRef = B05FE1111B674A55009BF81F /* cloudy_hiTests.m */; };
		B0829E451B6752B5001CDA26 /* logo114.png in Resources */ = {isa = PBXBuildFile; fileRef = B0829E411B6752B5001CDA26 /* logo114.png */; };
		B0829E461B6752B5001CDA26 /* logo180.png in Resources */ = {isa = PBXBuildFile; fileRef = B0829E421B6752B5001CDA26 /* logo180.png */; };
		B0829E471B6752B5001CDA26 /* logo512.png in Resources */ = {isa = PBXBuildFile; fileRef = B0829E431B6752B5001CDA26 /* logo512.png */; };
		B0829E481B6752B5001CDA26 /* logo72.png in Resources */ = {isa = PBXBuildFile; fileRef = B0829E441B6752B5001CDA26 /* logo72.png */; };
/* End PBXBuildFile section */

/* Begin PBXContainerItemProxy section */
		B05FE10C1B674A55009BF81F /* PBXContainerItemProxy */ = {
			isa = PBXContainerItemProxy;
			containerPortal = B05FE0E71B674A54009BF81F /* Project object */;
			proxyType = 1;
			remoteGlobalIDString = B05FE0EE1B674A54009BF81F;
			remoteInfo = cloudy_hi;
		};
/* End PBXContainerItemProxy section */

/* Begin PBXFileReference section */
		B05FE0EF1B674A54009BF81F /* cloudy_hi.app */ = {isa = PBXFileReference; explicitFileType = wrapper.application; includeInIndex = 0; path = cloudy_hi.app; sourceTree = BUILT_PRODUCTS_DIR; };
		B05FE0F31B674A54009BF81F /* Info.plist */ = {isa = PBXFileReference; lastKnownFileType = text.plist.xml; path = Info.plist; sourceTree = "<group>"; };
		B05FE0F41B674A54009BF81F /* main.m */ = {isa = PBXFileReference; lastKnownFileType = sourcecode.c.objc; path = main.m; sourceTree = "<group>"; };
		B05FE0F61B674A54009BF81F /* AppDelegate.h */ = {isa = PBXFileReference; lastKnownFileType = sourcecode.c.h; path = AppDelegate.h; sourceTree = "<group>"; };
		B05FE0F71B674A54009BF81F /* AppDelegate.m */ = {isa = PBXFileReference; lastKnownFileType = sourcecode.c.objc; path = AppDelegate.m; sourceTree = "<group>"; };
		B05FE0F91B674A54009BF81F /* FirstViewController.h */ = {isa = PBXFileReference; lastKnownFileType = sourcecode.c.h; path = FirstViewController.h; sourceTree = "<group>"; };
		B05FE0FA1B674A54009BF81F /* FirstViewController.m */ = {isa = PBXFileReference; lastKnownFileType = sourcecode.c.objc; path = FirstViewController.m; sourceTree = "<group>"; };
		B05FE0FC1B674A54009BF81F /* SecondViewController.h */ = {isa = PBXFileReference; lastKnownFileType = sourcecode.c.h; path = SecondViewController.h; sourceTree = "<group>"; };
		B05FE0FD1B674A54009BF81F /* SecondViewController.m */ = {isa = PBXFileReference; lastKnownFileType = sourcecode.c.objc; path = SecondViewController.m; sourceTree = "<group>"; };
		B05FE1001B674A54009BF81F /* Base */ = {isa = PBXFileReference; lastKnownFileType = file.storyboard; name = Base; path = Base.lproj/Main.storyboard; sourceTree = "<group>"; };
		B05FE1021B674A54009BF81F /* Images.xcassets */ = {isa = PBXFileReference; lastKnownFileType = folder.assetcatalog; path = Images.xcassets; sourceTree = "<group>"; };
		B05FE1051B674A54009BF81F /* Base */ = {isa = PBXFileReference; lastKnownFileType = file.xib; name = Base; path = Base.lproj/LaunchScreen.xib; sourceTree = "<group>"; };
		B05FE10B1B674A55009BF81F /* cloudy_hiTests.xctest */ = {isa = PBXFileReference; explicitFileType = wrapper.cfbundle; includeInIndex = 0; path = cloudy_hiTests.xctest; sourceTree = BUILT_PRODUCTS_DIR; };
		B05FE1101B674A55009BF81F /* Info.plist */ = {isa = PBXFileReference; lastKnownFileType = text.plist.xml; path = Info.plist; sourceTree = "<group>"; };
		B05FE1111B674A55009BF81F /* cloudy_hiTests.m */ = {isa = PBXFileReference; lastKnownFileType = sourcecode.c.objc; path = cloudy_hiTests.m; sourceTree = "<group>"; };
		B0829E411B6752B5001CDA26 /* logo114.png */ = {isa = PBXFileReference; lastKnownFileType = image.png; path = logo114.png; sourceTree = "<group>"; };
		B0829E421B6752B5001CDA26 /* logo180.png */ = {isa = PBXFileReference; lastKnownFileType = image.png; path = logo180.png; sourceTree = "<group>"; };
		B0829E431B6752B5001CDA26 /* logo512.png */ = {isa = PBXFileReference; lastKnownFileType = image.png; path = logo512.png; sourceTree = "<group>"; };
		B0829E441B6752B5001CDA26 /* logo72.png */ = {isa = PBXFileReference; lastKnownFileType = image.png; path = logo72.png; sourceTree = "<group>"; };
/* End PBXFileReference section */

/* Begin PBXFrameworksBuildPhase section */
		B05FE0EC1B674A54009BF81F /* Frameworks */ = {
			isa = PBXFrameworksBuildPhase;
			buildActionMask = 2147483647;
			files = (
			);
			runOnlyForDeploymentPostprocessing = 0;
		};
		B05FE1081B674A55009BF81F /* Frameworks */ = {
			isa = PBXFrameworksBuildPhase;
			buildActionMask = 2147483647;
			files = (
			);
			runOnlyForDeploymentPostprocessing = 0;
		};
/* End PBXFrameworksBuildPhase section */

/* Begin PBXGroup section */
		B05FE0E61B674A54009BF81F = {
			isa = PBXGroup;
			children = (
				B05FE0F11B674A54009BF81F /* cloudy_hi */,
				B05FE10E1B674A55009BF81F /* cloudy_hiTests */,
				B05FE0F01B674A54009BF81F /* Products */,
			);
			sourceTree = "<group>";
		};
		B05FE0F01B674A54009BF81F /* Products */ = {
			isa = PBXGroup;
			children = (
				B05FE0EF1B674A54009BF81F /* cloudy_hi.app */,
				B05FE10B1B674A55009BF81F /* cloudy_hiTests.xctest */,
			);
			name = Products;
			sourceTree = "<group>";
		};
		B05FE0F11B674A54009BF81F /* cloudy_hi */ = {
			isa = PBXGroup;
			children = (
				B0829E401B6752B5001CDA26 /* Resources */,
				B05FE0F61B674A54009BF81F /* AppDelegate.h */,
				B05FE0F71B674A54009BF81F /* AppDelegate.m */,
				B05FE0F91B674A54009BF81F /* FirstViewController.h */,
				B05FE0FA1B674A54009BF81F /* FirstViewController.m */,
				B05FE0FC1B674A54009BF81F /* SecondViewController.h */,
				B05FE0FD1B674A54009BF81F /* SecondViewController.m */,
				B05FE0FF1B674A54009BF81F /* Main.storyboard */,
				B05FE1021B674A54009BF81F /* Images.xcassets */,
				B05FE1041B674A54009BF81F /* LaunchScreen.xib */,
				B05FE0F21B674A54009BF81F /* Supporting Files */,
			);
			path = cloudy_hi;
			sourceTree = "<group>";
		};
		B05FE0F21B674A54009BF81F /* Supporting Files */ = {
			isa = PBXGroup;
			children = (
				B05FE0F31B674A54009BF81F /* Info.plist */,
				B05FE0F41B674A54009BF81F /* main.m */,
			);
			name = "Supporting Files";
			sourceTree = "<group>";
		};
		B05FE10E1B674A55009BF81F /* cloudy_hiTests */ = {
			isa = PBXGroup;
			children = (
				B05FE1111B674A55009BF81F /* cloudy_hiTests.m */,
				B05FE10F1B674A55009BF81F /* Supporting Files */,
			);
			path = cloudy_hiTests;
			sourceTree = "<group>";
		};
		B05FE10F1B674A55009BF81F /* Supporting Files */ = {
			isa = PBXGroup;
			children = (
				B05FE1101B674A55009BF81F /* Info.plist */,
			);
			name = "Supporting Files";
			sourceTree = "<group>";
		};
		B0829E401B6752B5001CDA26 /* Resources */ = {
			isa = PBXGroup;
			children = (
				B0829E411B6752B5001CDA26 /* logo114.png */,
				B0829E421B6752B5001CDA26 /* logo180.png */,
				B0829E431B6752B5001CDA26 /* logo512.png */,
				B0829E441B6752B5001CDA26 /* logo72.png */,
			);
			path = Resources;
			sourceTree = SOURCE_ROOT;
		};
/* End PBXGroup section */

/* Begin PBXNativeTarget section */
		B05FE0EE1B674A54009BF81F /* cloudy_hi */ = {
			isa = PBXNativeTarget;
			buildConfigurationList = B05FE1151B674A55009BF81F /* Build configuration list for PBXNativeTarget "cloudy_hi" */;
			buildPhases = (
				B05FE0EB1B674A54009BF81F /* Sources */,
				B05FE0EC1B674A54009BF81F /* Frameworks */,
				B05FE0ED1B674A54009BF81F /* Resources */,
			);
			buildRules = (
			);
			dependencies = (
			);
			name = cloudy_hi;
			productName = cloudy_hi;
			productReference = B05FE0EF1B674A54009BF81F /* cloudy_hi.app */;
			productType = "com.apple.product-type.application";
		};
		B05FE10A1B674A55009BF81F /* cloudy_hiTests */ = {
			isa = PBXNativeTarget;
			buildConfigurationList = B05FE1181B674A55009BF81F /* Build configuration list for PBXNativeTarget "cloudy_hiTests" */;
			buildPhases = (
				B05FE1071B674A55009BF81F /* Sources */,
				B05FE1081B674A55009BF81F /* Frameworks */,
				B05FE1091B674A55009BF81F /* Resources */,
			);
			buildRules = (
			);
			dependencies = (
				B05FE10D1B674A55009BF81F /* PBXTargetDependency */,
			);
			name = cloudy_hiTests;
			productName = cloudy_hiTests;
			productReference = B05FE10B1B674A55009BF81F /* cloudy_hiTests.xctest */;
			productType = "com.apple.product-type.bundle.unit-test";
		};
/* End PBXNativeTarget section */

/* Begin PBXProject section */
		B05FE0E71B674A54009BF81F /* Project object */ = {
			isa = PBXProject;
			attributes = {
				LastUpgradeCheck = 0620;
				ORGANIZATIONNAME = itsong;
				TargetAttributes = {
					B05FE0EE1B674A54009BF81F = {
						CreatedOnToolsVersion = 6.2;
						DevelopmentTeam = M5T5N9S4H2;
					};
					B05FE10A1B674A55009BF81F = {
						CreatedOnToolsVersion = 6.2;
						TestTargetID = B05FE0EE1B674A54009BF81F;
					};
				};
			};
			buildConfigurationList = B05FE0EA1B674A54009BF81F /* Build configuration list for PBXProject "cloudy_hi" */;
			compatibilityVersion = "Xcode 3.2";
			developmentRegion = English;
			hasScannedForEncodings = 0;
			knownRegions = (
				en,
				Base,
			);
			mainGroup = B05FE0E61B674A54009BF81F;
			productRefGroup = B05FE0F01B674A54009BF81F /* Products */;
			projectDirPath = "";
			projectRoot = "";
			targets = (
				B05FE0EE1B674A54009BF81F /* cloudy_hi */,
				B05FE10A1B674A55009BF81F /* cloudy_hiTests */,
			);
		};
/* End PBXProject section */

/* Begin PBXResourcesBuildPhase section */
		B05FE0ED1B674A54009BF81F /* Resources */ = {
			isa = PBXResourcesBuildPhase;
			buildActionMask = 2147483647;
			files = (
				B05FE1011B674A54009BF81F /* Main.storyboard in Resources */,
				B0829E461B6752B5001CDA26 /* logo180.png in Resources */,
				B0829E481B6752B5001CDA26 /* logo72.png in Resources */,
				B0829E451B6752B5001CDA26 /* logo114.png in Resources */,
				B05FE1061B674A54009BF81F /* LaunchScreen.xib in Resources */,
				B05FE1031B674A54009BF81F /* Images.xcassets in Resources */,
				B0829E471B6752B5001CDA26 /* logo512.png in Resources */,
			);
			runOnlyForDeploymentPostprocessing = 0;
		};
		B05FE1091B674A55009BF81F /* Resources */ = {
			isa = PBXResourcesBuildPhase;
			buildActionMask = 2147483647;
			files = (
			);
			runOnlyForDeploymentPostprocessing = 0;
		};
/* End PBXResourcesBuildPhase section */

/* Begin PBXSourcesBuildPhase section */
		B05FE0EB1B674A54009BF81F /* Sources */ = {
			isa = PBXSourcesBuildPhase;
			buildActionMask = 2147483647;
			files = (
				B05FE0FE1B674A54009BF81F /* SecondViewController.m in Sources */,
				B05FE0F81B674A54009BF81F /* AppDelegate.m in Sources */,
				B05FE0FB1B674A54009BF81F /* FirstViewController.m in Sources */,
				B05FE0F51B674A54009BF81F /* main.m in Sources */,
			);
			runOnlyForDeploymentPostprocessing = 0;
		};
		B05FE1071B674A55009BF81F /* Sources */ = {
			isa = PBXSourcesBuildPhase;
			buildActionMask = 2147483647;
			files = (
				B05FE1121B674A55009BF81F /* cloudy_hiTests.m in Sources */,
			);
			runOnlyForDeploymentPostprocessing = 0;
		};
/* End PBXSourcesBuildPhase section */

/* Begin PBXTargetDependency section */
		B05FE10D1B674A55009BF81F /* PBXTargetDependency */ = {
			isa = PBXTargetDependency;
			target = B05FE0EE1B674A54009BF81F /* cloudy_hi */;
			targetProxy = B05FE10C1B674A55009BF81F /* PBXContainerItemProxy */;
		};
/* End PBXTargetDependency section */

/* Begin PBXVariantGroup section */
		B05FE0FF1B674A54009BF81F /* Main.storyboard */ = {
			isa = PBXVariantGroup;
			children = (
				B05FE1001B674A54009BF81F /* Base */,
			);
			name = Main.storyboard;
			sourceTree = "<group>";
		};
		B05FE1041B674A54009BF81F /* LaunchScreen.xib */ = {
			isa = PBXVariantGroup;
			children = (
				B05FE1051B674A54009BF81F /* Base */,
			);
			name = LaunchScreen.xib;
			sourceTree = "<group>";
		};
/* End PBXVariantGroup section */

/* Begin XCBuildConfiguration section */
		B05FE1131B674A55009BF81F /* Debug */ = {
			isa = XCBuildConfiguration;
			buildSettings = {
				ALWAYS_SEARCH_USER_PATHS = NO;
				CLANG_CXX_LANGUAGE_STANDARD = "gnu++0x";
				CLANG_CXX_LIBRARY = "libc++";
				CLANG_ENABLE_MODULES = YES;
				CLANG_ENABLE_OBJC_ARC = YES;
				CLANG_WARN_BOOL_CONVERSION = YES;
				CLANG_WARN_CONSTANT_CONVERSION = YES;
				CLANG_WARN_DIRECT_OBJC_ISA_USAGE = YES_ERROR;
				CLANG_WARN_EMPTY_BODY = YES;
				CLANG_WARN_ENUM_CONVERSION = YES;
				CLANG_WARN_INT_CONVERSION = YES;
				CLANG_WARN_OBJC_ROOT_CLASS = YES_ERROR;
				CLANG_WARN_UNREACHABLE_CODE = YES;
				CLANG_WARN__DUPLICATE_METHOD_MATCH = YES;
				"CODE_SIGN_IDENTITY[sdk=iphoneos*]" = "iPhone Developer";
				COPY_PHASE_STRIP = NO;
				ENABLE_STRICT_OBJC_MSGSEND = YES;
				GCC_C_LANGUAGE_STANDARD = gnu99;
				GCC_DYNAMIC_NO_PIC = NO;
				GCC_OPTIMIZATION_LEVEL = 0;
				GCC_PREPROCESSOR_DEFINITIONS = (
					"DEBUG=1",
					"$(inherited)",
				);
				GCC_SYMBOLS_PRIVATE_EXTERN = NO;
				GCC_WARN_64_TO_32_BIT_CONVERSION = YES;
				GCC_WARN_ABOUT_RETURN_TYPE = YES_ERROR;
				GCC_WARN_UNDECLARED_SELECTOR = YES;
				GCC_WARN_UNINITIALIZED_AUTOS = YES_AGGRESSIVE;
				GCC_WARN_UNUSED_FUNCTION = YES;
				GCC_WARN_UNUSED_VARIABLE = YES;
				IPHONEOS_DEPLOYMENT_TARGET = 8.2;
				MTL_ENABLE_DEBUG_INFO = YES;
				ONLY_ACTIVE_ARCH = YES;
				SDKROOT = iphoneos;
				TARGETED_DEVICE_FAMILY = "1,2";
			};
			name = Debug;
		};
		B05FE1141B674A55009BF81F /* Release */ = {
			isa = XCBuildConfiguration;
			buildSettings = {
				ALWAYS_SEARCH_USER_PATHS = NO;
				CLANG_CXX_LANGUAGE_STANDARD = "gnu++0x";
				CLANG_CXX_LIBRARY = "libc++";
				CLANG_ENABLE_MODULES = YES;
				CLANG_ENABLE_OBJC_ARC = YES;
				CLANG_WARN_BOOL_CONVERSION = YES;
				CLANG_WARN_CONSTANT_CONVERSION = YES;
				CLANG_WARN_DIRECT_OBJC_ISA_USAGE = YES_ERROR;
				CLANG_WARN_EMPTY_BODY = YES;
				CLANG_WARN_ENUM_CONVERSION = YES;
				CLANG_WARN_INT_CONVERSION = YES;
				CLANG_WARN_OBJC_ROOT_CLASS = YES_ERROR;
				CLANG_WARN_UNREACHABLE_CODE = YES;
				CLANG_WARN__DUPLICATE_METHOD_MATCH = YES;
				"CODE_SIGN_IDENTITY[sdk=iphoneos*]" = "iPhone Developer";
				COPY_PHASE_STRIP = NO;
				ENABLE_NS_ASSERTIONS = NO;
				ENABLE_STRICT_OBJC_MSGSEND = YES;
				GCC_C_LANGUAGE_STANDARD = gnu99;
				GCC_WARN_64_TO_32_BIT_CONVERSION = YES;
				GCC_WARN_ABOUT_RETURN_TYPE = YES_ERROR;
				GCC_WARN_UNDECLARED_SELECTOR = YES;
				GCC_WARN_UNINITIALIZED_AUTOS = YES_AGGRESSIVE;
				GCC_WARN_UNUSED_FUNCTION = YES;
				GCC_WARN_UNUSED_VARIABLE = YES;
				IPHONEOS_DEPLOYMENT_TARGET = 8.2;
				MTL_ENABLE_DEBUG_INFO = NO;
				SDKROOT = iphoneos;
				TARGETED_DEVICE_FAMILY = "1,2";
				VALIDATE_PRODUCT = YES;
			};
			name = Release;
		};
		B05FE1161B674A55009BF81F /* Debug */ = {
			isa = XCBuildConfiguration;
			buildSettings = {
				ASSETCATALOG_COMPILER_APPICON_NAME = AppIcon;
				ASSETCATALOG_COMPILER_LAUNCHIMAGE_NAME = LaunchImage;
				CODE_SIGN_IDENTITY = "iPhone Developer";
				"CODE_SIGN_IDENTITY[sdk=iphoneos*]" = "iPhone Developer";
				INFOPLIST_FILE = cloudy_hi/Info.plist;
				IPHONEOS_DEPLOYMENT_TARGET = 7.0;
				LD_RUNPATH_SEARCH_PATHS = "$(inherited) @executable_path/Frameworks";
				PRODUCT_NAME = "$(TARGET_NAME)";
				PROVISIONING_PROFILE = "";
			};
			name = Debug;
		};
		B05FE1171B674A55009BF81F /* Release */ = {
			isa = XCBuildConfiguration;
			buildSettings = {
				ASSETCATALOG_COMPILER_APPICON_NAME = AppIcon;
				ASSETCATALOG_COMPILER_LAUNCHIMAGE_NAME = LaunchImage;
				CODE_SIGN_IDENTITY = "iPhone Developer";
				"CODE_SIGN_IDENTITY[sdk=iphoneos*]" = "iPhone Developer";
				INFOPLIST_FILE = cloudy_hi/Info.plist;
				IPHONEOS_DEPLOYMENT_TARGET = 7.0;
				LD_RUNPATH_SEARCH_PATHS = "$(inherited) @executable_path/Frameworks";
				PRODUCT_NAME = "$(TARGET_NAME)";
				PROVISIONING_PROFILE = "";
			};
			name = Release;
		};
		B05FE1191B674A55009BF81F /* Debug */ = {
			isa = XCBuildConfiguration;
			buildSettings = {
				BUNDLE_LOADER = "$(TEST_HOST)";
				FRAMEWORK_SEARCH_PATHS = (
					"$(SDKROOT)/Developer/Library/Frameworks",
					"$(inherited)",
				);
				GCC_PREPROCESSOR_DEFINITIONS = (
					"DEBUG=1",
					"$(inherited)",
				);
				INFOPLIST_FILE = cloudy_hiTests/Info.plist;
				LD_RUNPATH_SEARCH_PATHS = "$(inherited) @executable_path/Frameworks @loader_path/Frameworks";
				PRODUCT_NAME = "$(TARGET_NAME)";
				TEST_HOST = "$(BUILT_PRODUCTS_DIR)/cloudy_hi.app/cloudy_hi";
			};
			name = Debug;
		};
		B05FE11A1B674A55009BF81F /* Release */ = {
			isa = XCBuildConfiguration;
			buildSettings = {
				BUNDLE_LOADER = "$(TEST_HOST)";
				FRAMEWORK_SEARCH_PATHS = (
					"$(SDKROOT)/Developer/Library/Frameworks",
					"$(inherited)",
				);
				INFOPLIST_FILE = cloudy_hiTests/Info.plist;
				LD_RUNPATH_SEARCH_PATHS = "$(inherited) @executable_path/Frameworks @loader_path/Frameworks";
				PRODUCT_NAME = "$(TARGET_NAME)";
				TEST_HOST = "$(BUILT_PRODUCTS_DIR)/cloudy_hi.app/cloudy_hi";
			};
			name = Release;
		};
/* End XCBuildConfiguration section */

/* Begin XCConfigurationList section */
		B05FE0EA1B674A54009BF81F /* Build configuration list for PBXProject "cloudy_hi" */ = {
			isa = XCConfigurationList;
			buildConfigurations = (
				B05FE1131B674A55009BF81F /* Debug */,
				B05FE1141B674A55009BF81F /* Release */,
			);
			defaultConfigurationIsVisible = 0;
			defaultConfigurationName = Release;
		};
		B05FE1151B674A55009BF81F /* Build configuration list for PBXNativeTarget "cloudy_hi" */ = {
			isa = XCConfigurationList;
			buildConfigurations = (
				B05FE1161B674A55009BF81F /* Debug */,
				B05FE1171B674A55009BF81F /* Release */,
			);
			defaultConfigurationIsVisible = 0;
			defaultConfigurationName = Release;
		};
		B05FE1181B674A55009BF81F /* Build configuration list for PBXNativeTarget "cloudy_hiTests" */ = {
			isa = XCConfigurationList;
			buildConfigurations = (
				B05FE1191B674A55009BF81F /* Debug */,
				B05FE11A1B674A55009BF81F /* Release */,
			);
			defaultConfigurationIsVisible = 0;
			defaultConfigurationName = Release;
		};
/* End XCConfigurationList section */
	};
	rootObject = B05FE0E71B674A54009BF81F /* Project object */;
}
